
Microsoft Visual Studio Solution File, Format Version 12.00
# Visual Studio Version 18
VisualStudioVersion = 18.1.11312.151 d18.0
MinimumVisualStudioVersion = 10.0.40219.1
Project("{FAE04EC0-301F-11D3-BF4B-00C04F79EFBC}") = "Katie.Api", "Katie.Api.csproj", "{421F01AC-7348-91E3-5295-F22AD55C16E6}"
EndProject
Global
	GlobalSection(SolutionConfigurationPlatforms) = preSolution
		Debug|Any CPU = Debug|Any CPU
		Release|Any CPU = Release|Any CPU
	EndGlobalSection
	GlobalSection(ProjectConfigurationPlatforms) = postSolution
		{421F01AC-7348-91E3-5295-F22AD55C16E6}.Debug|Any CPU.ActiveCfg = Debug|Any CPU
		{421F01AC-7348-91E3-5295-F22AD55C16E6}.Debug|Any CPU.Build.0 = Debug|Any CPU
		{421F01AC-7348-91E3-5295-F22AD55C16E6}.Release|Any CPU.ActiveCfg = Release|Any CPU
		{421F01AC-7348-91E3-5295-F22AD55C16E6}.Release|Any CPU.Build.0 = Release|Any CPU
	EndGlobalSection
	GlobalSection(SolutionProperties) = preSolution
		HideSolutionNode = FALSE
	EndGlobalSection
	GlobalSection(ExtensibilityGlobals) = postSolution
		SolutionGuid = {AC601C8A-77C5-424F-A66A-A65D24EFBD11}
	EndGlobalSection
EndGlobal
